{
  "projects": [
    {
      "projectId": "r3ASNrnyvLLLAtDvzUioQ",
      "version": "3.11.0",
      "dependencies": {},
      "lang": "js",
      "fileLocks": [
        {
          "assetId": "r3ASNrnyvLLLAtDvzUioQ",
          "type": "projectCss",
          "checksum": "53ede22551b92da23644decfdd3c057d"
        }
      ],
      "codegenVersion": "0.0.1"
    },
    {
      "projectId": "seaQhLVS4bbjiGvJJrRwyL",
      "version": "15.0.3",
      "dependencies": {},
      "lang": "js",
      "fileLocks": [
        {
          "assetId": "seaQhLVS4bbjiGvJJrRwyL",
          "type": "projectCss",
          "checksum": "ab04a534eab57db4af8073158aed0a64"
        }
      ],
      "codegenVersion": "0.0.1"
    },
    {
      "projectId": "2GyyV1uN4xbnqKtJ7pjrQU",
      "version": "latest",
      "dependencies": {
        "seaQhLVS4bbjiGvJJrRwyL": "15.0.3",
        "r3ASNrnyvLLLAtDvzUioQ": "3.11.0",
        "8PtdGodUbexNYgkuyBUcWu": "3.11.0",
        "gLnoj82AzKVVT7qXiqAbHD": "1.7.0",
        "5dGW8Awro3qq8Hh5MveXLP": "1.11.0"
      },
      "lang": "js",
      "fileLocks": [
        {
          "type": "globalVariant",
          "assetId": "-CF27w7hxUbhqT",
          "checksum": "2fd5df476d5b5bb3a0b043bdbe880279"
        },
        {
          "type": "renderModule",
          "assetId": "0K1TFhieKz3vI",
          "checksum": "48e7f1ecb5662bff4848d9cfd6f19302"
        },
        {
          "type": "cssRules",
          "assetId": "0K1TFhieKz3vI",
          "checksum": "48e7f1ecb5662bff4848d9cfd6f19302"
        },
        {
          "type": "renderModule",
          "assetId": "Qc-AaHBNiJ4q-",
          "checksum": "abc25be4954763f004a44ce895587e7b"
        },
        {
          "type": "cssRules",
          "assetId": "Qc-AaHBNiJ4q-",
          "checksum": "abc25be4954763f004a44ce895587e7b"
        },
        {
          "type": "renderModule",
          "assetId": "GewF2Qmnx2xftX",
          "checksum": "a80024fe50a8c5ff3934068ef4a4841b"
        },
        {
          "type": "cssRules",
          "assetId": "GewF2Qmnx2xftX",
          "checksum": "a80024fe50a8c5ff3934068ef4a4841b"
        },
        {
          "type": "renderModule",
          "assetId": "QbeVAXYyw48xV0",
          "checksum": "17f6225e98bb5391da2d111c22422524"
        },
        {
          "type": "cssRules",
          "assetId": "QbeVAXYyw48xV0",
          "checksum": "17f6225e98bb5391da2d111c22422524"
        },
        {
          "type": "renderModule",
          "assetId": "1xV2-KiYepMuGB",
          "checksum": "3316832dff7a69674766bf031370f1d1"
        },
        {
          "type": "cssRules",
          "assetId": "1xV2-KiYepMuGB",
          "checksum": "3316832dff7a69674766bf031370f1d1"
        },
        {
          "type": "renderModule",
          "assetId": "epUi-KTwCwraW0",
          "checksum": "caccd7b6f8c7972ccfe0fe0627e6baeb"
        },
        {
          "type": "cssRules",
          "assetId": "epUi-KTwCwraW0",
          "checksum": "caccd7b6f8c7972ccfe0fe0627e6baeb"
        },
        {
          "type": "renderModule",
          "assetId": "mdlB7opZfCK7nb",
          "checksum": "a6c0d385fe55b19b655cc8fe4586fca3"
        },
        {
          "type": "cssRules",
          "assetId": "mdlB7opZfCK7nb",
          "checksum": "a6c0d385fe55b19b655cc8fe4586fca3"
        },
        {
          "type": "renderModule",
          "assetId": "Qab3DN1TM8pM2X",
          "checksum": "2929b62b3df6dca9b41ebda304a49020"
        },
        {
          "type": "cssRules",
          "assetId": "Qab3DN1TM8pM2X",
          "checksum": "2929b62b3df6dca9b41ebda304a49020"
        },
        {
          "type": "renderModule",
          "assetId": "q_LjUx71MsqHbO",
          "checksum": "a00085a0f62f55fb33fc8f7eee4b9404"
        },
        {
          "type": "cssRules",
          "assetId": "q_LjUx71MsqHbO",
          "checksum": "a00085a0f62f55fb33fc8f7eee4b9404"
        },
        {
          "type": "renderModule",
          "assetId": "0tIDEQ5teDLxdZ",
          "checksum": "f905b5d509a30c92bf8d90b2f34d2cff"
        },
        {
          "type": "cssRules",
          "assetId": "0tIDEQ5teDLxdZ",
          "checksum": "f905b5d509a30c92bf8d90b2f34d2cff"
        },
        {
          "type": "renderModule",
          "assetId": "_fVUBuH_zTPtNr",
          "checksum": "d5b7b3e03a634c0dfe1e6e1480ea5906"
        },
        {
          "type": "cssRules",
          "assetId": "_fVUBuH_zTPtNr",
          "checksum": "d5b7b3e03a634c0dfe1e6e1480ea5906"
        },
        {
          "type": "renderModule",
          "assetId": "45CXakC6GRGfb8",
          "checksum": "af5b1ec0a86da55ea0d5692d767d54a2"
        },
        {
          "type": "cssRules",
          "assetId": "45CXakC6GRGfb8",
          "checksum": "af5b1ec0a86da55ea0d5692d767d54a2"
        },
        {
          "type": "renderModule",
          "assetId": "g-otZs1OnDsHve",
          "checksum": "23aa3186e3aa87fcf4bf5f35f3cfb515"
        },
        {
          "type": "cssRules",
          "assetId": "g-otZs1OnDsHve",
          "checksum": "23aa3186e3aa87fcf4bf5f35f3cfb515"
        },
        {
          "type": "renderModule",
          "assetId": "ymsmsqowiD_hX8",
          "checksum": "0a01adebd03d276885861d07f2329298"
        },
        {
          "type": "cssRules",
          "assetId": "ymsmsqowiD_hX8",
          "checksum": "0a01adebd03d276885861d07f2329298"
        },
        {
          "type": "renderModule",
          "assetId": "isYx7WeuZGWheu",
          "checksum": "944035201a357cd76a6f0447a3c2aee9"
        },
        {
          "type": "cssRules",
          "assetId": "isYx7WeuZGWheu",
          "checksum": "944035201a357cd76a6f0447a3c2aee9"
        },
        {
          "type": "renderModule",
          "assetId": "G6LUa2CLhG",
          "checksum": "5f723f9f65847e0e44203cfe40b5b033"
        },
        {
          "type": "cssRules",
          "assetId": "G6LUa2CLhG",
          "checksum": "5f723f9f65847e0e44203cfe40b5b033"
        },
        {
          "type": "renderModule",
          "assetId": "iGqVXRH7Uc",
          "checksum": "5389948efecb21bae5272f67c93d9491"
        },
        {
          "type": "cssRules",
          "assetId": "iGqVXRH7Uc",
          "checksum": "5389948efecb21bae5272f67c93d9491"
        },
        {
          "type": "renderModule",
          "assetId": "PYR3doOuIF",
          "checksum": "2a380516baa596059e7a7752c13a694a"
        },
        {
          "type": "cssRules",
          "assetId": "PYR3doOuIF",
          "checksum": "2a380516baa596059e7a7752c13a694a"
        },
        {
          "type": "renderModule",
          "assetId": "wf3pEJ_mG_c",
          "checksum": "0b96d942016fa46fbbc1dd989517ae17"
        },
        {
          "type": "cssRules",
          "assetId": "wf3pEJ_mG_c",
          "checksum": "0b96d942016fa46fbbc1dd989517ae17"
        },
        {
          "type": "renderModule",
          "assetId": "AO9jTWCBi4k",
          "checksum": "d3d7bb1b9dc4e16b42a751306e4e2443"
        },
        {
          "type": "cssRules",
          "assetId": "AO9jTWCBi4k",
          "checksum": "d3d7bb1b9dc4e16b42a751306e4e2443"
        },
        {
          "type": "renderModule",
          "assetId": "KCVfREJR3u",
          "checksum": "5d34cafec928e7f4af6e6132e2aee91a"
        },
        {
          "type": "cssRules",
          "assetId": "KCVfREJR3u",
          "checksum": "5d34cafec928e7f4af6e6132e2aee91a"
        },
        {
          "type": "icon",
          "assetId": "ID-f-b7J4nKY3s",
          "checksum": "3f8c9e83cef057bc5f4ab64a86442ca2"
        },
        {
          "type": "icon",
          "assetId": "NTS1y-noV99cPa",
          "checksum": "d9f37bdb54f9fb3c8681de6b7a5eed2c"
        },
        {
          "type": "icon",
          "assetId": "Zm4wjLaGmVITcV",
          "checksum": "4566b9a2978a23e4d528fa83aba6239d"
        },
        {
          "type": "icon",
          "assetId": "jYgM12wOL7_eQp",
          "checksum": "77b617ebdd7fb48ef6a66d66f2d7a52a"
        },
        {
          "type": "icon",
          "assetId": "4cUDx6t1ba6Cky",
          "checksum": "b2bc846edcb13e814ed8d5ff71f3fb3e"
        },
        {
          "type": "icon",
          "assetId": "71NmB_KjyW5cAp",
          "checksum": "458c1fd713fcad64427536f64f930095"
        },
        {
          "type": "icon",
          "assetId": "1LLxtlPDPQWzp5",
          "checksum": "e0bfa7c6054bdced6734c0df18d48237"
        },
        {
          "type": "icon",
          "assetId": "CvoiJoZ5f4FtHs",
          "checksum": "58979871a5426b08bf51801b70114697"
        },
        {
          "type": "icon",
          "assetId": "nXaLCG-4JC_-zC",
          "checksum": "d1541fd1a51681e84de5d2c6dc5508d4"
        },
        {
          "type": "icon",
          "assetId": "5CalOzXBlyjZel",
          "checksum": "352f96898aa43a60602d749f0d01fd80"
        },
        {
          "type": "icon",
          "assetId": "BHLiPyfFMkXbpg",
          "checksum": "b0a70cb32f8aa87338d812afbe70367c"
        },
        {
          "type": "icon",
          "assetId": "vS9wngECQY8SHI",
          "checksum": "234bc9a4ffd9d8cb8c1e9e2c32bbdadc"
        },
        {
          "type": "icon",
          "assetId": "W0U4FGNvH3vD6W",
          "checksum": "42f25f72c543878658fe1c2ad31ef8f7"
        },
        {
          "type": "icon",
          "assetId": "D7t9AaBjr0ar3t",
          "checksum": "b81ab6dcd9d75e2fe2e5f6892d6e97e4"
        },
        {
          "type": "icon",
          "assetId": "w6mtT_hqzPVxgp",
          "checksum": "27cb71122f3b883567ca9459cb3c6d70"
        },
        {
          "type": "icon",
          "assetId": "ILGUbR-8sA5_X2",
          "checksum": "5d1a07101f15fd4a54e77225f88d0f24"
        },
        {
          "type": "icon",
          "assetId": "YLda7Na_DpiHV5",
          "checksum": "04fdbc12e48be1f4369217bef5c143aa"
        },
        {
          "type": "icon",
          "assetId": "5ELsae-rPxEAZc",
          "checksum": "2feffc441fefba5648a7d4ca1480a1b8"
        },
        {
          "type": "icon",
          "assetId": "DiAJ4qBInYgbgn",
          "checksum": "3449e0bba4b983e3829d42eb9d61d589"
        },
        {
          "type": "icon",
          "assetId": "d1SINPgGRxZP1l",
          "checksum": "f8061c852da30f685b71c5b31e5d9fc0"
        },
        {
          "type": "icon",
          "assetId": "hmD8pNWAqIyF8L",
          "checksum": "21849debe2764ac42c5a2ae1d0ec0600"
        },
        {
          "type": "icon",
          "assetId": "zDrj7Eni2OPPG6",
          "checksum": "f1f4deb36e8432a4e2f3f265111a98f3"
        },
        {
          "type": "icon",
          "assetId": "Z9yWUb_XEPOXSj",
          "checksum": "7436fb42e8389784611d81cdb5f3111d"
        },
        {
          "type": "icon",
          "assetId": "9FxAVdOQfIYtbc",
          "checksum": "964750f5189eef616c0ca5715073fc8f"
        },
        {
          "type": "icon",
          "assetId": "8Kj5Gbe4h_KDxJ",
          "checksum": "ff2a6b4b8ef438a4e3fcf1aa161d10c6"
        },
        {
          "type": "icon",
          "assetId": "5mMk1vnowEUZeD",
          "checksum": "5bff5552b2a7601991ef7f6abd4079d5"
        },
        {
          "type": "icon",
          "assetId": "SHiWAhwbPWLqwY",
          "checksum": "08cff038aa5b8e9f4e236c4a1dd2a6d4"
        },
        {
          "type": "icon",
          "assetId": "bgFVWFZRjrTPF5",
          "checksum": "cbbd931ded2b97ec37146fefb701a94b"
        },
        {
          "type": "icon",
          "assetId": "IkjaS5Ho4lF6jY",
          "checksum": "ca8db205e6fdc23e92493f6b5a04b700"
        },
        {
          "type": "icon",
          "assetId": "KCkLh1q-biHOO3",
          "checksum": "13924ffcbbffa7846f2a8dcec59c2bba"
        },
        {
          "type": "icon",
          "assetId": "BLG2WTl0koydmQ",
          "checksum": "93e75e1dc431c988a77080a5a756bd98"
        },
        {
          "type": "icon",
          "assetId": "WbN2i0RCJ",
          "checksum": "f585be16d3d9a08271a384c62f1feab8"
        },
        {
          "type": "icon",
          "assetId": "ItULJAXsu",
          "checksum": "33ba328eec74f80296a05601bc77c698"
        },
        {
          "type": "icon",
          "assetId": "vdCZqKfTXk",
          "checksum": "b6ec8c61459d1d1d52826a05b58d093a"
        },
        {
          "type": "icon",
          "assetId": "yWDnArVqY-",
          "checksum": "36db0f60166a182cbead80223358c3b1"
        },
        {
          "type": "icon",
          "assetId": "c8OGDh7S0m",
          "checksum": "9b51b69b1f74f1d43e13f7c7a0eaa9bb"
        },
        {
          "type": "icon",
          "assetId": "xRTcnxnj_F",
          "checksum": "9cc5a4f671c321b7e03e410280b9e2f8"
        },
        {
          "type": "icon",
          "assetId": "03ubyRV0Gc",
          "checksum": "539680c3b8883c5963c02b93a8edccdb"
        },
        {
          "type": "icon",
          "assetId": "hsR3GxY-xL",
          "checksum": "06dbd147a90356e22f39491577c62edb"
        },
        {
          "type": "image",
          "assetId": "ygYxiATdhBwdlo",
          "checksum": "90c05dceac4a95a5cba095b9f892e91b"
        },
        {
          "type": "image",
          "assetId": "nRU8g82xNgF0PK",
          "checksum": "096ba6d3389525fd2bd5e0d8ee477360"
        },
        {
          "type": "image",
          "assetId": "TrboBXMT9m7IE5",
          "checksum": "03cd87499c63925b28d070470d0a2880"
        },
        {
          "type": "image",
          "assetId": "tEWbuNfm5Ff8Xp",
          "checksum": "a910887991b1b3581b66e16ef1a16859"
        },
        {
          "type": "image",
          "assetId": "xnO_qSlkr9SjGE",
          "checksum": "5d70bb63cf7325e585540543bef1bff7"
        },
        {
          "type": "image",
          "assetId": "4B1jYr2a7RZLLU",
          "checksum": "d1f1399d0e2d45e348c3f4a56123a5ab"
        },
        {
          "type": "image",
          "assetId": "W7N7nGOmbXw1kV",
          "checksum": "5e519b5d42712ec9fc040332c2fc6699"
        },
        {
          "type": "image",
          "assetId": "eKschWY364XeXY",
          "checksum": "16da715cf2716f5a4cad6e30144b170c"
        },
        {
          "type": "image",
          "assetId": "K-Q6kA7wN_WjTS",
          "checksum": "58644d47a02e3d64b6e743f09ce8380e"
        },
        {
          "type": "image",
          "assetId": "NTxTX2MaIC83Th",
          "checksum": "c9cedc2674372a479e328b068dad7183"
        },
        {
          "type": "image",
          "assetId": "qkcmvqYx_hP4iK",
          "checksum": "afb3faa26e15914b5bbf9545ebb423d5"
        },
        {
          "type": "image",
          "assetId": "saIjz82e8cV-bx",
          "checksum": "366400c81943e2bb653dfa17d1022e16"
        },
        {
          "type": "image",
          "assetId": "pC2WywqbpKhStJ",
          "checksum": "e96f98d3afd22ca4c342467e6308ca48"
        },
        {
          "type": "image",
          "assetId": "co9dflrrdXhgd5",
          "checksum": "3b8381ba3c06df7a612e8b5661872b65"
        },
        {
          "type": "image",
          "assetId": "OCC7V-xgR5kO5n",
          "checksum": "551e32f051b31ae5ca5bf41c6c847275"
        },
        {
          "type": "image",
          "assetId": "w6GUMj7DjAb4qr",
          "checksum": "ba2ecc7c9af25fcad78bdad904b78d98"
        },
        {
          "type": "image",
          "assetId": "H5G_Vb7R6B272_",
          "checksum": "b755b770f62534a033b8c4f9bbd53a03"
        },
        {
          "type": "image",
          "assetId": "6pdaKcMHv4jEzK",
          "checksum": "f34e1452b7f184e89c8c0418ae7a827f"
        },
        {
          "type": "image",
          "assetId": "CkWRfikBdQBI35",
          "checksum": "82f6510cbbf0e60a93b6c01692709434"
        },
        {
          "type": "image",
          "assetId": "cC3beg8_7dFhf4",
          "checksum": "f7110e95eb1bcc8659e33d21c7b0f6c5"
        },
        {
          "type": "image",
          "assetId": "FIlFaQsBcitK13",
          "checksum": "9732f86f26de1b298e7e654a2e90267b"
        },
        {
          "type": "image",
          "assetId": "t45oogWIh3FqMv",
          "checksum": "5e1bab7df12797f113e82d9bcdec1133"
        },
        {
          "type": "image",
          "assetId": "TD4HLzp2DAwJOM",
          "checksum": "090db6c4f2dc371393248fbbca1dd595"
        },
        {
          "type": "image",
          "assetId": "V3t7yHIjto9LU8",
          "checksum": "2f0907023cab1fcc9f0c9f98eb98a3d3"
        },
        {
          "type": "image",
          "assetId": "nD98NnGv-d7M6h",
          "checksum": "9fff630b772140cf1e5349fb41ec1acb"
        },
        {
          "type": "image",
          "assetId": "IfflEQNIZS9d_1",
          "checksum": "1eaccdb3b1e0632e32f69c36fd56d042"
        },
        {
          "type": "image",
          "assetId": "2alcLR_LMbceEY",
          "checksum": "d2478c6ede3aeb59bb2d961ba5ee9b2c"
        },
        {
          "type": "image",
          "assetId": "XSbzoIMzP2PoR1",
          "checksum": "91631e3d39bec72cc6af7b985cc66ee2"
        },
        {
          "type": "image",
          "assetId": "EcSqG-tgu0W52s",
          "checksum": "d91ebc1716f27bef80a64aeab0b22611"
        },
        {
          "type": "image",
          "assetId": "IrMvG_dzufn8Kk",
          "checksum": "620f3a234a8b58caf79ecbd9de8fa8e3"
        },
        {
          "type": "image",
          "assetId": "p2BhvYxT2EpXaQ",
          "checksum": "f75aeb9a42882818b3dd76cd6dccd1de"
        },
        {
          "type": "image",
          "assetId": "SUG2aysmy4P-T9",
          "checksum": "e97a6eab1363f3cb5cbc774ad8f44d73"
        },
        {
          "type": "image",
          "assetId": "nooPGNHdqAqAd0",
          "checksum": "39ed94bb0ce12b07b6ae00d370eed687"
        },
        {
          "type": "image",
          "assetId": "cpgtDGkIKqT9AQ",
          "checksum": "ea1e883887f3534b1fc4b0e2f478546f"
        },
        {
          "type": "image",
          "assetId": "NBHh753Gorbpp0",
          "checksum": "2a6951d0312574cc8299cf4ccdd19364"
        },
        {
          "type": "image",
          "assetId": "IGAcBQiM5dwuip",
          "checksum": "9f059c394c2aae967c2d9c0c5f630944"
        },
        {
          "type": "image",
          "assetId": "iSBpvh_Znu1zs7",
          "checksum": "f9ee1443e6401c1625fb24a914962c4c"
        },
        {
          "type": "image",
          "assetId": "SmvOU1XXQ5VnGt",
          "checksum": "397cb8cb62d66d00a3de58c0fef834dc"
        },
        {
          "type": "image",
          "assetId": "24LuZtbCWP7-w2",
          "checksum": "1685333719fc973e64f474a7a6f380f3"
        },
        {
          "type": "image",
          "assetId": "YuSl_ZZhiiBuc0",
          "checksum": "b60a2ba47792fc0b9b3bea3eaf798f5a"
        },
        {
          "type": "image",
          "assetId": "bQJx_NrXugOtY_",
          "checksum": "d6bc5848505297377b71386d78d7adfa"
        },
        {
          "type": "image",
          "assetId": "RLnicAZhoI7Gtg",
          "checksum": "72becbcaecd6730fe87119343fd77761"
        },
        {
          "type": "image",
          "assetId": "rWGlkbLWKqsXk2",
          "checksum": "1c5a634fce6650d58f6db04a96c472bc"
        },
        {
          "type": "image",
          "assetId": "_3tPkYmbEMcCrq",
          "checksum": "9d4741df62211394dd5de824fe4dc814"
        },
        {
          "type": "image",
          "assetId": "xdOEP6UpMySuvS",
          "checksum": "ae243d778ce07785c021c1779a3ae9ce"
        },
        {
          "type": "image",
          "assetId": "GQMDt1TLvidFSJ",
          "checksum": "8c9c628bc3797a42c3165eb5a8121d0e"
        },
        {
          "type": "image",
          "assetId": "2ber0nCKYhpZ0L",
          "checksum": "81ac324b6f5f39f530bdaf6533617879"
        },
        {
          "type": "image",
          "assetId": "KS4RQjUjoalMVq",
          "checksum": "41bef8711f1e9ff0f74786bec76c862a"
        },
        {
          "type": "image",
          "assetId": "_4Rq3Vlf8jSeME",
          "checksum": "da9c3f6b1a2ab3b7652b7f14c630903f"
        },
        {
          "type": "image",
          "assetId": "vneIcz59Aleo2b",
          "checksum": "b8f2dc68b4a82a53b457d8554a5287ca"
        },
        {
          "type": "image",
          "assetId": "XcCJICo54JEjm8",
          "checksum": "b3cf0a4b822c5e23fecd63c24399a399"
        },
        {
          "type": "image",
          "assetId": "GL4tZ2WW7BvxJA",
          "checksum": "cde94fd6202f7b3b872272a46b35def8"
        },
        {
          "type": "image",
          "assetId": "Vk99NNC-Pi5MX8",
          "checksum": "17767ab23c594b3f49aa433d1c844743"
        },
        {
          "type": "image",
          "assetId": "KsbY39GwQyEFEY",
          "checksum": "018f6decb23fab9b9bf6e1601d1371a3"
        },
        {
          "type": "image",
          "assetId": "O6cjfWMenWmS1E",
          "checksum": "c79c2d3d653764045ca0629bc3afd2c1"
        },
        {
          "type": "image",
          "assetId": "u2o-MCx9D",
          "checksum": "94b51888f952bd6ce475d09b5800d902"
        },
        {
          "type": "image",
          "assetId": "lSZM52y7c",
          "checksum": "090d250418bbd6058abad06525151602"
        },
        {
          "type": "image",
          "assetId": "bgwL_f4MF",
          "checksum": "964c20cb5ec45a70996695730104fbea"
        },
        {
          "type": "image",
          "assetId": "T7fKi46X1",
          "checksum": "30669cdb14a6dba1d47182dce0020b88"
        },
        {
          "type": "image",
          "assetId": "Wq04XGeOn",
          "checksum": "4a65d58ae4059d1a08f03a74f4c75111"
        },
        {
          "type": "image",
          "assetId": "absa66hES",
          "checksum": "fa61756d2e5ebed8ef72b0d84ce1deaf"
        },
        {
          "type": "image",
          "assetId": "FYJzoLk6M",
          "checksum": "4d922053d2d1e35f8c5753e558e367c9"
        },
        {
          "type": "image",
          "assetId": "HbMsVCSK1",
          "checksum": "4de037532f51fd543077e512640297ae"
        },
        {
          "type": "image",
          "assetId": "FWeSnXuI5",
          "checksum": "e14b93ccd39887517b5b3f5a8ddcc759"
        },
        {
          "type": "image",
          "assetId": "ijBFfwHgI",
          "checksum": "0dc61f038483922675c2f6145fa24dd5"
        },
        {
          "type": "image",
          "assetId": "Vm8d_xQ6u",
          "checksum": "fca9058e2a65acbc9ff080b0cd86fe07"
        },
        {
          "type": "image",
          "assetId": "vTxSXlMAWua",
          "checksum": "9040f6fa2f37fdacd54e94982021928b"
        },
        {
          "type": "image",
          "assetId": "imfGzJ8R3D2",
          "checksum": "ca1102e7d2fa82c28dccc734c7fdfd80"
        },
        {
          "type": "image",
          "assetId": "MvDs8lUPt",
          "checksum": "0ce497a749f532a6c4b711fd05645827"
        },
        {
          "type": "image",
          "assetId": "wDZX3FN_U",
          "checksum": "26c8b955db76ddd4364c26d75ad51794"
        },
        {
          "type": "image",
          "assetId": "WKT3Pm0xd",
          "checksum": "76c99324804e54a9d5bc14d693516004"
        },
        {
          "type": "image",
          "assetId": "nAN4z6-PP",
          "checksum": "b2a36cab2933811ba534f05ce664a6e7"
        },
        {
          "type": "image",
          "assetId": "h2I6y186Z",
          "checksum": "023340c51e4de56ee221d685a050ceff"
        },
        {
          "type": "renderModule",
          "assetId": "0727Bpzvzd",
          "checksum": "cfe526796fcacdc4ac5a888cfba593d3"
        },
        {
          "type": "cssRules",
          "assetId": "0727Bpzvzd",
          "checksum": "cfe526796fcacdc4ac5a888cfba593d3"
        },
        {
          "type": "renderModule",
          "assetId": "vk921MAWAct",
          "checksum": "53b22224b85f45362da6510110345c33"
        },
        {
          "type": "cssRules",
          "assetId": "vk921MAWAct",
          "checksum": "53b22224b85f45362da6510110345c33"
        },
        {
          "type": "renderModule",
          "assetId": "cKyZ4O8O1q",
          "checksum": "7581da8896d828c7d306a9d15a6514a1"
        },
        {
          "type": "cssRules",
          "assetId": "cKyZ4O8O1q",
          "checksum": "7581da8896d828c7d306a9d15a6514a1"
        },
        {
          "type": "icon",
          "assetId": "dKQnY774Exf",
          "checksum": "98f692fb8fad1258c9019e114e2b5584"
        },
        {
          "type": "icon",
          "assetId": "sYqamsC_pQ8c",
          "checksum": "0a877fa2d99f24f6cad03d7eec5e6983"
        },
        {
          "type": "image",
          "assetId": "R4F7eEImqOt-",
          "checksum": "65978423dc4ed5f2b4244850a772d18d"
        },
        {
          "assetId": "2GyyV1uN4xbnqKtJ7pjrQU",
          "checksum": "e79bbe909ba74e620e63115c701a54b0",
          "type": "globalContexts"
        },
        {
          "type": "renderModule",
          "assetId": "bsHY5dwDfbq",
          "checksum": "40a94d14e6b39714014fb2880b94b119"
        },
        {
          "type": "cssRules",
          "assetId": "bsHY5dwDfbq",
          "checksum": "40a94d14e6b39714014fb2880b94b119"
        },
        {
          "type": "renderModule",
          "assetId": "z2KRpO4Hca",
          "checksum": "5a9a8b1e3e561dc61409629c1e72bb84"
        },
        {
          "type": "cssRules",
          "assetId": "z2KRpO4Hca",
          "checksum": "5a9a8b1e3e561dc61409629c1e72bb84"
        },
        {
          "type": "renderModule",
          "assetId": "zgR9JvU5my",
          "checksum": "db4961725b0d0fa98a070be01552e33e"
        },
        {
          "type": "cssRules",
          "assetId": "zgR9JvU5my",
          "checksum": "db4961725b0d0fa98a070be01552e33e"
        },
        {
          "type": "renderModule",
          "assetId": "i2BFQN7iML",
          "checksum": "6e80769c70560579d13a6979a7df24ec"
        },
        {
          "type": "cssRules",
          "assetId": "i2BFQN7iML",
          "checksum": "6e80769c70560579d13a6979a7df24ec"
        },
        {
          "type": "renderModule",
          "assetId": "nxrvER4spJg",
          "checksum": "48fefffe6644eab04ac210ef359473d9"
        },
        {
          "type": "cssRules",
          "assetId": "nxrvER4spJg",
          "checksum": "48fefffe6644eab04ac210ef359473d9"
        },
        {
          "type": "renderModule",
          "assetId": "572xutjypC",
          "checksum": "c0262af44c510a76b83a782e4bcbba9a"
        },
        {
          "type": "cssRules",
          "assetId": "572xutjypC",
          "checksum": "c0262af44c510a76b83a782e4bcbba9a"
        },
        {
          "type": "renderModule",
          "assetId": "piyTwP7vuAu",
          "checksum": "b806918cae85661da1638731f264f689"
        },
        {
          "type": "cssRules",
          "assetId": "piyTwP7vuAu",
          "checksum": "b806918cae85661da1638731f264f689"
        },
        {
          "type": "icon",
          "assetId": "qQguRLvx148",
          "checksum": "6c336cf371f688448cd3d62500fd7c23"
        },
        {
          "type": "icon",
          "assetId": "moRdiSEyvJ",
          "checksum": "164475641bc061f4c8cfd3a4ff948b96"
        },
        {
          "type": "icon",
          "assetId": "S7iHlGlUAx",
          "checksum": "b93636d9e327ff220cfa09870822f2d1"
        },
        {
          "type": "icon",
          "assetId": "r8iYFvfxMc",
          "checksum": "a9fb29551448cce0c16921f0104c3237"
        },
        {
          "type": "icon",
          "assetId": "IZDljsvjzl",
          "checksum": "612833e5bb28547be208d7a5d54c521a"
        },
        {
          "type": "icon",
          "assetId": "0vqOFtX-Hm",
          "checksum": "c250a4d201687846fc6077269627f122"
        },
        {
          "type": "icon",
          "assetId": "TyrvefSiMh",
          "checksum": "ebf39cca31374e9d01e40826ad28bd93"
        },
        {
          "type": "icon",
          "assetId": "sSdArfNcjZ",
          "checksum": "bbe8b23abe44ce541149ae7103b7d1de"
        },
        {
          "type": "icon",
          "assetId": "ymUJbM--lm",
          "checksum": "d4774dfeaa16242239f368ca6e7e4b7b"
        },
        {
          "type": "icon",
          "assetId": "PWTIAj3Gkl",
          "checksum": "2d7285bb8d60fdeec4ec4ecadacb27d7"
        },
        {
          "type": "icon",
          "assetId": "r4QUoFV-8p",
          "checksum": "ccacfa9c8942e6a13756c7d089802281"
        },
        {
          "type": "icon",
          "assetId": "E-B6mPPkdE7",
          "checksum": "6d50a7fd0b7ce1430aab0d225d7faf48"
        },
        {
          "type": "icon",
          "assetId": "KobMF7yrOPx",
          "checksum": "3f40e07369e88aa8e2ef0439cdf23990"
        },
        {
          "type": "icon",
          "assetId": "WuHDwq1n-Cc",
          "checksum": "24bea741aea7a817c2fee0d579e667ac"
        },
        {
          "type": "icon",
          "assetId": "RP1fK-LljaZ",
          "checksum": "7d34765ceb9db7294db162a581b89edf"
        },
        {
          "type": "icon",
          "assetId": "YkZqWyffp18",
          "checksum": "cb95595f51bdf8a52a0629a4e50bb08c"
        },
        {
          "type": "icon",
          "assetId": "-wTlLHTH9",
          "checksum": "2763494a67751d6d301520fec98d9625"
        },
        {
          "type": "icon",
          "assetId": "IUajJoJalR",
          "checksum": "e4f1edcd0ce3d80ee0c85a5ccd20459c"
        },
        {
          "type": "icon",
          "assetId": "GWOVldlH0m",
          "checksum": "307871f590c406fdafb23b0b46b065ac"
        },
        {
          "type": "icon",
          "assetId": "q55TRHzR89",
          "checksum": "9de16967de95cb8ea1641002b561af86"
        },
        {
          "type": "icon",
          "assetId": "gELsDuHncz",
          "checksum": "00c9f7f19a0d281aa72d2fbc54683360"
        },
        {
          "type": "icon",
          "assetId": "6oublpbKz5",
          "checksum": "38bc7106c462c8a5f6909fc79a594be5"
        },
        {
          "type": "icon",
          "assetId": "dIwFZcdqes",
          "checksum": "5e69e4879b70b06d75da3ef0d6f353c9"
        },
        {
          "type": "icon",
          "assetId": "GItwKae7HT",
          "checksum": "209c32979f558a9d3572be012aa29408"
        },
        {
          "type": "icon",
          "assetId": "2tuLHTMHM1",
          "checksum": "44e6dce4010fa1a5aaa8f5b1099c7469"
        },
        {
          "type": "icon",
          "assetId": "C-9jDmcpPM",
          "checksum": "1e99795a39f5e9de195e050126a69819"
        },
        {
          "type": "icon",
          "assetId": "bsqTXkwzpj",
          "checksum": "366098fcc3adcdf59d5982657894707b"
        },
        {
          "type": "icon",
          "assetId": "FhlnN_IYm3",
          "checksum": "7fac2a7bf9fa8b06a3077a78324198e4"
        },
        {
          "type": "icon",
          "assetId": "5iDgIJ7Pop",
          "checksum": "c6f042c86880a457f0f21c197c4e731e"
        },
        {
          "type": "icon",
          "assetId": "ZkL7f5ZzBj",
          "checksum": "14dfc00e47f7f5a4cbe4ad231520ee29"
        },
        {
          "type": "icon",
          "assetId": "l_xnwOUQpMd",
          "checksum": "581ebfec895a4a8c73bb276e751c8a7a"
        },
        {
          "type": "icon",
          "assetId": "3gI-Cbs5Vdi",
          "checksum": "dd412748627ac355fec483c6be3ea60f"
        },
        {
          "type": "icon",
          "assetId": "xfZVtJbmqFN",
          "checksum": "111460ff6179b536c0a8942e10151f54"
        },
        {
          "type": "icon",
          "assetId": "Cm5xN9mH7Ec",
          "checksum": "d3db6da44639292b79b12545d7d8de62"
        },
        {
          "type": "icon",
          "assetId": "RbToMLpyvfB",
          "checksum": "32f8ba53cde883d66ba19752a773f498"
        },
        {
          "type": "icon",
          "assetId": "y_2pbpgCd3B",
          "checksum": "08b9299e6ac441ea0a9b711b0e45fa40"
        },
        {
          "type": "icon",
          "assetId": "RvVFT7RNbab",
          "checksum": "4f02e8f2cdb0f54c40792affeade1a24"
        },
        {
          "type": "icon",
          "assetId": "x6WN50Kc91D",
          "checksum": "9a0fc904934d741ccdf289c9f0236d34"
        },
        {
          "type": "icon",
          "assetId": "FLoX0B3xJoy",
          "checksum": "199d7ba0acd44eda7925a1b54c6b6ecb"
        },
        {
          "type": "icon",
          "assetId": "zfxFY9em43i",
          "checksum": "463fc42bddc68f81ccba3798de53c335"
        },
        {
          "type": "icon",
          "assetId": "sdgK4v_9m4E",
          "checksum": "eb1e1682b5f6bbb84c37aea3d49fc963"
        },
        {
          "type": "icon",
          "assetId": "fBnc8NDt8",
          "checksum": "15055e2363f8bd2072c48e701a038421"
        },
        {
          "type": "icon",
          "assetId": "jdESgCCxoC",
          "checksum": "6c6f91ec5435ac0d1462d8fcd118f296"
        },
        {
          "type": "icon",
          "assetId": "_yChrkvV2U",
          "checksum": "7353ce8103321c42803bb172bd0670c2"
        },
        {
          "type": "icon",
          "assetId": "Tyhy3Tanim",
          "checksum": "a4b50fba2afc212ae64562a3a1cbfbc8"
        },
        {
          "type": "icon",
          "assetId": "8dFKHslfX0",
          "checksum": "7803d3e4093a17adb7e02a4f853b7a98"
        },
        {
          "type": "icon",
          "assetId": "c7HbA_avSi",
          "checksum": "8de309e4b09b5d8191b0c86a7fd9539e"
        },
        {
          "type": "icon",
          "assetId": "-l7OouU4KR",
          "checksum": "e2f1d1fa958b54ae6c984b55989abaff"
        },
        {
          "type": "icon",
          "assetId": "yN6eQUFKXN",
          "checksum": "5b9ae96b2ab3e5a749099482804955b7"
        },
        {
          "type": "icon",
          "assetId": "YOyuBjec_e",
          "checksum": "e1bfa7ae4c00f3ac093cbf967c3fe6c1"
        },
        {
          "type": "icon",
          "assetId": "lZbGzKRjeK9",
          "checksum": "4c5ca2ec69d9c0a437fc1072c01fa14c"
        },
        {
          "type": "icon",
          "assetId": "W5GSdrYJWox",
          "checksum": "5b564b927e6d5c95d6a9b9ebe4c87a8c"
        },
        {
          "type": "icon",
          "assetId": "pO9adPw4RHW",
          "checksum": "21d1b3b53c7f50e1ced555acab0b0fd8"
        },
        {
          "type": "icon",
          "assetId": "QQ0kYpyof",
          "checksum": "37692cf539a45a8367f72f255bc8fe3a"
        },
        {
          "type": "image",
          "assetId": "pk8zEsCzC6q",
          "checksum": "775cd9877cf0aaa9c2406d621f17d343"
        },
        {
          "type": "image",
          "assetId": "_9PWQ59Jva5",
          "checksum": "32074745d61e48bda1ed75ea32e14c8f"
        },
        {
          "type": "image",
          "assetId": "ufd_OoboL17",
          "checksum": "ab84ef8544c24d718f88fd8a9b86fa40"
        },
        {
          "type": "image",
          "assetId": "V1mVU9dA5mH",
          "checksum": "e72355faba540c1500b2590c6c51b76f"
        },
        {
          "type": "image",
          "assetId": "1JMS8ohpP",
          "checksum": "8bdf55e39fecb7b7641ec775245cf927"
        },
        {
          "type": "image",
          "assetId": "VCl4dhQeYM",
          "checksum": "e381bd51c1dae5006b896cc4283bac23"
        },
        {
          "type": "image",
          "assetId": "hr0MvXjaGt",
          "checksum": "abaa8a9fe753382746669af04bb958e8"
        },
        {
          "type": "image",
          "assetId": "yw5zLFRiEI",
          "checksum": "4a39deba19a17a39239740bcb3255f6f"
        },
        {
          "type": "image",
          "assetId": "78C87SLug_",
          "checksum": "82fdd0bb1a12700300d7279394173487"
        },
        {
          "type": "image",
          "assetId": "-UEdl-1mBp",
          "checksum": "26f7dcf78ed273fef40c645be51efc8a"
        },
        {
          "type": "image",
          "assetId": "OsWS-eqk81j",
          "checksum": "a31e71006662d6e333203955d2ce9ca2"
        },
        {
          "type": "image",
          "assetId": "cRoHtFdS5g",
          "checksum": "8ce3a1988613ade6c0ce72dfe0799711"
        },
        {
          "type": "image",
          "assetId": "6SsfNpq_CB",
          "checksum": "17a5d0d762153614b3c9e580bf4edce1"
        },
        {
          "type": "image",
          "assetId": "lagkMprRi",
          "checksum": "51480e2b10d8a632fdc94d15f39f3a3d"
        },
        {
          "type": "image",
          "assetId": "IQMau3mnU",
          "checksum": "81d44085c51828d52fd847bedb7c4751"
        },
        {
          "type": "image",
          "assetId": "Mh5mg3T9Iw",
          "checksum": "3f27e02f030ab5b7a27a477a1f109073"
        },
        {
          "type": "image",
          "assetId": "FPy-euFR12",
          "checksum": "3677447028e9b83a465ba694826a7a73"
        },
        {
          "type": "image",
          "assetId": "zrTk2oEbJJ",
          "checksum": "c1249ad1e22c2a95589f2932c7ca499b"
        },
        {
          "type": "image",
          "assetId": "QMgq8eKMaY",
          "checksum": "e473724b7a4e395abc2fe6e44f5fddc0"
        },
        {
          "type": "image",
          "assetId": "LUYWY4YT8C",
          "checksum": "c69f58a6f155f32a0c4e1703d4ffd1a9"
        },
        {
          "type": "image",
          "assetId": "5eE32UgdYP",
          "checksum": "3678e96e648af1c7724a765d53f4b73a"
        },
        {
          "type": "image",
          "assetId": "82U6tUR6MM",
          "checksum": "df80656b27ae1b1efc4956387e980419"
        },
        {
          "type": "image",
          "assetId": "OMZblC2ICT",
          "checksum": "0e50aeac453f7ae7ef32ea27775d3219"
        },
        {
          "type": "image",
          "assetId": "S1IadCzFdsU",
          "checksum": "51b99b0ccd97e27283711be9f42d234e"
        },
        {
          "type": "image",
          "assetId": "tLfNHIjJ3ic",
          "checksum": "03ea0cad5774517ac6f822725541aa84"
        },
        {
          "type": "image",
          "assetId": "TMmVys6D2qy",
          "checksum": "a9203bb83060a1aac9915e913903ac00"
        },
        {
          "type": "image",
          "assetId": "4DOBcO3seTA",
          "checksum": "81a14389186a106141a5b0c95611537a"
        },
        {
          "type": "image",
          "assetId": "zdR392vEf_7",
          "checksum": "6322fafd59475e0dd76a6eeefdf2e93b"
        },
        {
          "type": "image",
          "assetId": "5lqJ7NDeA",
          "checksum": "e9868760ae3a691d57e8c82190b7b9ae"
        },
        {
          "type": "image",
          "assetId": "emQUNJewnQ",
          "checksum": "c5902f2cb39a704aacd8a656eb2d955c"
        },
        {
          "type": "image",
          "assetId": "nckoroRTw5",
          "checksum": "81d3e61950d5f9e7f1183445cb2b900b"
        },
        {
          "type": "image",
          "assetId": "SyHv5fAb9f",
          "checksum": "ab14e72d0317d7349332f1c63a028b58"
        },
        {
          "type": "image",
          "assetId": "LfUzecrdpD",
          "checksum": "2150c81667e44139421cf418d2fd348a"
        },
        {
          "type": "image",
          "assetId": "vN3fsC_HSz",
          "checksum": "42d8a783e45e0670c07810041681c10f"
        },
        {
          "type": "image",
          "assetId": "GsS8oIaq0l",
          "checksum": "a629c4b960c5e083eff0b91bea630a6b"
        },
        {
          "type": "image",
          "assetId": "jdk8jCfOXb",
          "checksum": "091193b84064da52d18d44b5ad1543eb"
        },
        {
          "type": "image",
          "assetId": "1RQtrOBml",
          "checksum": "fc711d1c79a529325505ad2f115fd150"
        },
        {
          "type": "image",
          "assetId": "wBV_cRXW10",
          "checksum": "d239af8a645990488bbab6844e9065d1"
        },
        {
          "assetId": "2GyyV1uN4xbnqKtJ7pjrQU",
          "type": "projectCss",
          "checksum": "a0df07d594c2606483d646ce55ebcc1c"
        }
      ],
      "codegenVersion": "0.0.1"
    },
    {
      "projectId": "5dGW8Awro3qq8Hh5MveXLP",
      "version": "1.11.0",
      "dependencies": {},
      "lang": "js",
      "fileLocks": [
        {
          "assetId": "5dGW8Awro3qq8Hh5MveXLP",
          "type": "projectCss",
          "checksum": "27c776d9b43712159013c04b3fe9c0e2"
        }
      ],
      "codegenVersion": "0.0.1"
    },
    {
      "projectId": "gLnoj82AzKVVT7qXiqAbHD",
      "version": "1.7.0",
      "dependencies": {},
      "lang": "js",
      "fileLocks": [
        {
          "assetId": "gLnoj82AzKVVT7qXiqAbHD",
          "type": "projectCss",
          "checksum": "acc49002cf2bb27c825cd645bcdb7311"
        },
        {
          "type": "renderModule",
          "assetId": "lBHNzts6tFyj",
          "checksum": "5332c7fe4452b3b1774e966ebd9e2e89"
        },
        {
          "type": "cssRules",
          "assetId": "lBHNzts6tFyj",
          "checksum": "5332c7fe4452b3b1774e966ebd9e2e89"
        },
        {
          "type": "icon",
          "assetId": "zq2s7N0xWucT",
          "checksum": "61b12414624174db4cd2e3e683119fcb"
        },
        {
          "type": "icon",
          "assetId": "8K40faRNhuCj",
          "checksum": "4fedd32cd8730884585d804464a39318"
        }
      ],
      "codegenVersion": "0.0.1"
    },
    {
      "projectId": "8PtdGodUbexNYgkuyBUcWu",
      "version": "3.11.0",
      "dependencies": {},
      "lang": "js",
      "fileLocks": [
        {
          "assetId": "8PtdGodUbexNYgkuyBUcWu",
          "type": "projectCss",
          "checksum": "a14e003ebf97c377edd5dd8fcd67169d"
        },
        {
          "assetId": "8PtdGodUbexNYgkuyBUcWu",
          "checksum": "c48776bba1b3886e93349ddfa619cee9",
          "type": "globalContexts"
        }
      ],
      "codegenVersion": "0.0.1"
    }
  ],
  "cliVersion": "0.1.249"
}
